
Microsoft Visual Studio Solution File, Format Version 12.00
# Visual Studio Version 17
VisualStudioVersion = 17.14.36511.14 d17.14
MinimumVisualStudioVersion = 10.0.40219.1
Project("{FAE04EC0-301F-11D3-BF4B-00C04F79EFBC}") = "M17C_ex01", "M17C_ex01\M17C_ex01.csproj", "{7B38779E-51FC-4CF8-844B-55C22596171E}"
EndProject
Global
	GlobalSection(SolutionConfigurationPlatforms) = preSolution
		Debug|Any CPU = Debug|Any CPU
		Release|Any CPU = Release|Any CPU
	EndGlobalSection
	GlobalSection(ProjectConfigurationPlatforms) = postSolution
		{7B38779E-51FC-4CF8-844B-55C22596171E}.Debug|Any CPU.ActiveCfg = Debug|Any CPU
		{7B38779E-51FC-4CF8-844B-55C22596171E}.Debug|Any CPU.Build.0 = Debug|Any CPU
		{7B38779E-51FC-4CF8-844B-55C22596171E}.Release|Any CPU.ActiveCfg = Release|Any CPU
		{7B38779E-51FC-4CF8-844B-55C22596171E}.Release|Any CPU.Build.0 = Release|Any CPU
	EndGlobalSection
	GlobalSection(SolutionProperties) = preSolution
		HideSolutionNode = FALSE
	EndGlobalSection
	GlobalSection(ExtensibilityGlobals) = postSolution
		SolutionGuid = {34D8F34E-2CFD-4EEC-BCF2-397305BB38B4}
	EndGlobalSection
EndGlobal
